// !$*UTF8*$!
{
	archiveVersion = 1;
	classes = {
	};
	objectVersion = 46;
	objects = {

/* Begin PBXBuildFile section */
		D5531C3B1C12786600F03854 /* Settings.bundle in Resources */ = {isa = PBXBuildFile; fileRef = D5531C3A1C12786600F03854 /* Settings.bundle */; };
		D5531C3D1C1295CB00F03854 /* Launch Screen.xib in Resources */ = {isa = PBXBuildFile; fileRef = D5531C3C1C1295CB00F03854 /* Launch Screen.xib */; };
		D57FFE151C1234AC006D4A10 /* AppDelegate.swift in Sources */ = {isa = PBXBuildFile; fileRef = D57FFE141C1234AC006D4A10 /* AppDelegate.swift */; };
		D57FFE171C1234AC006D4A10 /* ViewController.swift in Sources */ = {isa = PBXBuildFile; fileRef = D57FFE161C1234AC006D4A10 /* ViewController.swift */; };
		D57FFE1A1C1234AC006D4A10 /* Main.storyboard in Resources */ = {isa = PBXBuildFile; fileRef = D57FFE181C1234AC006D4A10 /* Main.storyboard */; };
		D57FFE1C1C1234AC006D4A10 /* Images.xcassets in Resources */ = {isa = PBXBuildFile; fileRef = D57FFE1B1C1234AC006D4A10 /* Images.xcassets */; };
		D57FFE2B1C1234AD006D4A10 /* TipsterTests.swift in Sources */ = {isa = PBXBuildFile; fileRef = D57FFE2A1C1234AD006D4A10 /* TipsterTests.swift */; };
/* End PBXBuildFile section */

/* Begin PBXContainerItemProxy section */
		D57FFE251C1234AC006D4A10 /* PBXContainerItemProxy */ = {
			isa = PBXContainerItemProxy;
			containerPortal = D57FFE071C1234AC006D4A10 /* Project object */;
			proxyType = 1;
			remoteGlobalIDString = D57FFE0E1C1234AC006D4A10;
			remoteInfo = Tipster;
		};
/* End PBXContainerItemProxy section */

/* Begin PBXFileReference section */
		D5531C3A1C12786600F03854 /* Settings.bundle */ = {isa = PBXFileReference; lastKnownFileType = "wrapper.plug-in"; path = Settings.bundle; sourceTree = "<group>"; };
		D5531C3C1C1295CB00F03854 /* Launch Screen.xib */ = {isa = PBXFileReference; fileEncoding = 4; lastKnownFileType = file.xib; path = "Launch Screen.xib"; sourceTree = "<group>"; };
		D57FFE0F1C1234AC006D4A10 /* Tipster.app */ = {isa = PBXFileReference; explicitFileType = wrapper.application; includeInIndex = 0; path = Tipster.app; sourceTree = BUILT_PRODUCTS_DIR; };
		D57FFE131C1234AC006D4A10 /* Info.plist */ = {isa = PBXFileReference; lastKnownFileType = text.plist.xml; path = Info.plist; sourceTree = "<group>"; };
		D57FFE141C1234AC006D4A10 /* AppDelegate.swift */ = {isa = PBXFileReference; lastKnownFileType = sourcecode.swift; path = AppDelegate.swift; sourceTree = "<group>"; };
		D57FFE161C1234AC006D4A10 /* ViewController.swift */ = {isa = PBXFileReference; lastKnownFileType = sourcecode.swift; path = ViewController.swift; sourceTree = "<group>"; };
		D57FFE191C1234AC006D4A10 /* Base */ = {isa = PBXFileReference; lastKnownFileType = file.storyboard; name = Base; path = Base.lproj/Main.storyboard; sourceTree = "<group>"; };
		D57FFE1B1C1234AC006D4A10 /* Images.xcassets */ = {isa = PBXFileReference; lastKnownFileType = folder.assetcatalog; path = Images.xcassets; sourceTree = "<group>"; };
		D57FFE241C1234AC006D4A10 /* TipsterTests.xctest */ = {isa = PBXFileReference; explicitFileType = wrapper.cfbundle; includeInIndex = 0; path = TipsterTests.xctest; sourceTree = BUILT_PRODUCTS_DIR; };
		D57FFE291C1234AC006D4A10 /* Info.plist */ = {isa = PBXFileReference; lastKnownFileType = text.plist.xml; path = Info.plist; sourceTree = "<group>"; };
		D57FFE2A1C1234AD006D4A10 /* TipsterTests.swift */ = {isa = PBXFileReference; lastKnownFileType = sourcecode.swift; path = TipsterTests.swift; sourceTree = "<group>"; };
/* End PBXFileReference section */

/* Begin PBXFrameworksBuildPhase section */
		D57FFE0C1C1234AC006D4A10 /* Frameworks */ = {
			isa = PBXFrameworksBuildPhase;
			buildActionMask = 2147483647;
			files = (
			);
			runOnlyForDeploymentPostprocessing = 0;
		};
		D57FFE211C1234AC006D4A10 /* Frameworks */ = {
			isa = PBXFrameworksBuildPhase;
			buildActionMask = 2147483647;
			files = (
			);
			runOnlyForDeploymentPostprocessing = 0;
		};
/* End PBXFrameworksBuildPhase section */

/* Begin PBXGroup section */
		D57FFE061C1234AC006D4A10 = {
			isa = PBXGroup;
			children = (
				D57FFE111C1234AC006D4A10 /* Tipster */,
				D57FFE271C1234AC006D4A10 /* TipsterTests */,
				D57FFE101C1234AC006D4A10 /* Products */,
			);
			sourceTree = "<group>";
		};
		D57FFE101C1234AC006D4A10 /* Products */ = {
			isa = PBXGroup;
			children = (
				D57FFE0F1C1234AC006D4A10 /* Tipster.app */,
				D57FFE241C1234AC006D4A10 /* TipsterTests.xctest */,
			);
			name = Products;
			sourceTree = "<group>";
		};
		D57FFE111C1234AC006D4A10 /* Tipster */ = {
			isa = PBXGroup;
			children = (
				D57FFE141C1234AC006D4A10 /* AppDelegate.swift */,
				D57FFE161C1234AC006D4A10 /* ViewController.swift */,
				D57FFE181C1234AC006D4A10 /* Main.storyboard */,
				D5531C3A1C12786600F03854 /* Settings.bundle */,
				D57FFE1B1C1234AC006D4A10 /* Images.xcassets */,
				D57FFE121C1234AC006D4A10 /* Supporting Files */,
				D5531C3C1C1295CB00F03854 /* Launch Screen.xib */,
			);
			path = Tipster;
			sourceTree = "<group>";
		};
		D57FFE121C1234AC006D4A10 /* Supporting Files */ = {
			isa = PBXGroup;
			children = (
				D57FFE131C1234AC006D4A10 /* Info.plist */,
			);
			name = "Supporting Files";
			sourceTree = "<group>";
		};
		D57FFE271C1234AC006D4A10 /* TipsterTests */ = {
			isa = PBXGroup;
			children = (
				D57FFE2A1C1234AD006D4A10 /* TipsterTests.swift */,
				D57FFE281C1234AC006D4A10 /* Supporting Files */,
			);
			path = TipsterTests;
			sourceTree = "<group>";
		};
		D57FFE281C1234AC006D4A10 /* Supporting Files */ = {
			isa = PBXGroup;
			children = (
				D57FFE291C1234AC006D4A10 /* Info.plist */,
			);
			name = "Supporting Files";
			sourceTree = "<group>";
		};
/* End PBXGroup section */

/* Begin PBXNativeTarget section */
		D57FFE0E1C1234AC006D4A10 /* Tipster */ = {
			isa = PBXNativeTarget;
			buildConfigurationList = D57FFE2E1C1234AD006D4A10 /* Build configuration list for PBXNativeTarget "Tipster" */;
			buildPhases = (
				D57FFE0B1C1234AC006D4A10 /* Sources */,
				D57FFE0C1C1234AC006D4A10 /* Frameworks */,
				D57FFE0D1C1234AC006D4A10 /* Resources */,
			);
			buildRules = (
			);
			dependencies = (
			);
			name = Tipster;
			productName = Tipster;
			productReference = D57FFE0F1C1234AC006D4A10 /* Tipster.app */;
			productType = "com.apple.product-type.application";
		};
		D57FFE231C1234AC006D4A10 /* TipsterTests */ = {
			isa = PBXNativeTarget;
			buildConfigurationList = D57FFE311C1234AD006D4A10 /* Build configuration list for PBXNativeTarget "TipsterTests" */;
			buildPhases = (
				D57FFE201C1234AC006D4A10 /* Sources */,
				D57FFE211C1234AC006D4A10 /* Frameworks */,
				D57FFE221C1234AC006D4A10 /* Resources */,
			);
			buildRules = (
			);
			dependencies = (
				D57FFE261C1234AC006D4A10 /* PBXTargetDependency */,
			);
			name = TipsterTests;
			productName = TipsterTests;
			productReference = D57FFE241C1234AC006D4A10 /* TipsterTests.xctest */;
			productType = "com.apple.product-type.bundle.unit-test";
		};
/* End PBXNativeTarget section */

/* Begin PBXProject section */
		D57FFE071C1234AC006D4A10 /* Project object */ = {
			isa = PBXProject;
			attributes = {
				LastUpgradeCheck = 0610;
				ORGANIZATIONNAME = DGh0st;
				TargetAttributes = {
					D57FFE0E1C1234AC006D4A10 = {
						CreatedOnToolsVersion = 6.1.1;
					};
					D57FFE231C1234AC006D4A10 = {
						CreatedOnToolsVersion = 6.1.1;
						TestTargetID = D57FFE0E1C1234AC006D4A10;
					};
				};
			};
			buildConfigurationList = D57FFE0A1C1234AC006D4A10 /* Build configuration list for PBXProject "Tipster" */;
			compatibilityVersion = "Xcode 3.2";
			developmentRegion = English;
			hasScannedForEncodings = 0;
			knownRegions = (
				en,
				Base,
			);
			mainGroup = D57FFE061C1234AC006D4A10;
			productRefGroup = D57FFE101C1234AC006D4A10 /* Products */;
			projectDirPath = "";
			projectRoot = "";
			targets = (
				D57FFE0E1C1234AC006D4A10 /* Tipster */,
				D57FFE231C1234AC006D4A10 /* TipsterTests */,
			);
		};
/* End PBXProject section */

/* Begin PBXResourcesBuildPhase section */
		D57FFE0D1C1234AC006D4A10 /* Resources */ = {
			isa = PBXResourcesBuildPhase;
			buildActionMask = 2147483647;
			files = (
				D5531C3B1C12786600F03854 /* Settings.bundle in Resources */,
				D5531C3D1C1295CB00F03854 /* Launch Screen.xib in Resources */,
				D57FFE1A1C1234AC006D4A10 /* Main.storyboard in Resources */,
				D57FFE1C1C1234AC006D4A10 /* Images.xcassets in Resources */,
			);
			runOnlyForDeploymentPostprocessing = 0;
		};
		D57FFE221C1234AC006D4A10 /* Resources */ = {
			isa = PBXResourcesBuildPhase;
			buildActionMask = 2147483647;
			files = (
			);
			runOnlyForDeploymentPostprocessing = 0;
		};
/* End PBXResourcesBuildPhase section */

/* Begin PBXSourcesBuildPhase section */
		D57FFE0B1C1234AC006D4A10 /* Sources */ = {
			isa = PBXSourcesBuildPhase;
			buildActionMask = 2147483647;
			files = (
				D57FFE171C1234AC006D4A10 /* ViewController.swift in Sources */,
				D57FFE151C1234AC006D4A10 /* AppDelegate.swift in Sources */,
			);
			runOnlyForDeploymentPostprocessing = 0;
		};
		D57FFE201C1234AC006D4A10 /* Sources */ = {
			isa = PBXSourcesBuildPhase;
			buildActionMask = 2147483647;
			files = (
				D57FFE2B1C1234AD006D4A10 /* TipsterTests.swift in Sources */,
			);
			runOnlyForDeploymentPostprocessing = 0;
		};
/* End PBXSourcesBuildPhase section */

/* Begin PBXTargetDependency section */
		D57FFE261C1234AC006D4A10 /* PBXTargetDependency */ = {
			isa = PBXTargetDependency;
			target = D57FFE0E1C1234AC006D4A10 /* Tipster */;
			targetProxy = D57FFE251C1234AC006D4A10 /* PBXContainerItemProxy */;
		};
/* End PBXTargetDependency section */

/* Begin PBXVariantGroup section */
		D57FFE181C1234AC006D4A10 /* Main.storyboard */ = {
			isa = PBXVariantGroup;
			children = (
				D57FFE191C1234AC006D4A10 /* Base */,
			);
			name = Main.storyboard;
			sourceTree = "<group>";
		};
/* End PBXVariantGroup section */

/* Begin XCBuildConfiguration section */
		D57FFE2C1C1234AD006D4A10 /* Debug */ = {
			isa = XCBuildConfiguration;
			buildSettings = {
				ALWAYS_SEARCH_USER_PATHS = NO;
				CLANG_CXX_LANGUAGE_STANDARD = "gnu++0x";
				CLANG_CXX_LIBRARY = "libc++";
				CLANG_ENABLE_MODULES = YES;
				CLANG_ENABLE_OBJC_ARC = YES;
				CLANG_WARN_BOOL_CONVERSION = YES;
				CLANG_WARN_CONSTANT_CONVERSION = YES;
				CLANG_WARN_DIRECT_OBJC_ISA_USAGE = YES_ERROR;
				CLANG_WARN_EMPTY_BODY = YES;
				CLANG_WARN_ENUM_CONVERSION = YES;
				CLANG_WARN_INT_CONVERSION = YES;
				CLANG_WARN_OBJC_ROOT_CLASS = YES_ERROR;
				CLANG_WARN_UNREACHABLE_CODE = YES;
				CLANG_WARN__DUPLICATE_METHOD_MATCH = YES;
				"CODE_SIGN_IDENTITY[sdk=iphoneos*]" = "iPhone Developer";
				COPY_PHASE_STRIP = NO;
				ENABLE_STRICT_OBJC_MSGSEND = YES;
				GCC_C_LANGUAGE_STANDARD = gnu99;
				GCC_DYNAMIC_NO_PIC = NO;
				GCC_OPTIMIZATION_LEVEL = 0;
				GCC_PREPROCESSOR_DEFINITIONS = (
					"DEBUG=1",
					"$(inherited)",
				);
				GCC_SYMBOLS_PRIVATE_EXTERN = NO;
				GCC_WARN_64_TO_32_BIT_CONVERSION = YES;
				GCC_WARN_ABOUT_RETURN_TYPE = YES_ERROR;
				GCC_WARN_UNDECLARED_SELECTOR = YES;
				GCC_WARN_UNINITIALIZED_AUTOS = YES_AGGRESSIVE;
				GCC_WARN_UNUSED_FUNCTION = YES;
				GCC_WARN_UNUSED_VARIABLE = YES;
				IPHONEOS_DEPLOYMENT_TARGET = 8.1;
				MTL_ENABLE_DEBUG_INFO = YES;
				ONLY_ACTIVE_ARCH = YES;
				SDKROOT = iphoneos;
				SWIFT_OPTIMIZATION_LEVEL = "-Onone";
			};
			name = Debug;
		};
		D57FFE2D1C1234AD006D4A10 /* Release */ = {
			isa = XCBuildConfiguration;
			buildSettings = {
				ALWAYS_SEARCH_USER_PATHS = NO;
				CLANG_CXX_LANGUAGE_STANDARD = "gnu++0x";
				CLANG_CXX_LIBRARY = "libc++";
				CLANG_ENABLE_MODULES = YES;
				CLANG_ENABLE_OBJC_ARC = YES;
				CLANG_WARN_BOOL_CONVERSION = YES;
				CLANG_WARN_CONSTANT_CONVERSION = YES;
				CLANG_WARN_DIRECT_OBJC_ISA_USAGE = YES_ERROR;
				CLANG_WARN_EMPTY_BODY = YES;
				CLANG_WARN_ENUM_CONVERSION = YES;
				CLANG_WARN_INT_CONVERSION = YES;
				CLANG_WARN_OBJC_ROOT_CLASS = YES_ERROR;
				CLANG_WARN_UNREACHABLE_CODE = YES;
				CLANG_WARN__DUPLICATE_METHOD_MATCH = YES;
				"CODE_SIGN_IDENTITY[sdk=iphoneos*]" = "iPhone Developer";
				COPY_PHASE_STRIP = YES;
				ENABLE_NS_ASSERTIONS = NO;
				ENABLE_STRICT_OBJC_MSGSEND = YES;
				GCC_C_LANGUAGE_STANDARD = gnu99;
				GCC_WARN_64_TO_32_BIT_CONVERSION = YES;
				GCC_WARN_ABOUT_RETURN_TYPE = YES_ERROR;
				GCC_WARN_UNDECLARED_SELECTOR = YES;
				GCC_WARN_UNINITIALIZED_AUTOS = YES_AGGRESSIVE;
				GCC_WARN_UNUSED_FUNCTION = YES;
				GCC_WARN_UNUSED_VARIABLE = YES;
				IPHONEOS_DEPLOYMENT_TARGET = 8.1;
				MTL_ENABLE_DEBUG_INFO = NO;
				SDKROOT = iphoneos;
				VALIDATE_PRODUCT = YES;
			};
			name = Release;
		};
		D57FFE2F1C1234AD006D4A10 /* Debug */ = {
			isa = XCBuildConfiguration;
			buildSettings = {
				ASSETCATALOG_COMPILER_APPICON_NAME = AppIcon;
				CODE_SIGN_IDENTITY = "iPhone Developer";
				INFOPLIST_FILE = Tipster/Info.plist;
				IPHONEOS_DEPLOYMENT_TARGET = 8.1;
				LD_RUNPATH_SEARCH_PATHS = "$(inherited) @executable_path/Frameworks";
				PRODUCT_NAME = "$(TARGET_NAME)";
				TARGETED_DEVICE_FAMILY = 1;
			};
			name = Debug;
		};
		D57FFE301C1234AD006D4A10 /* Release */ = {
			isa = XCBuildConfiguration;
			buildSettings = {
				ASSETCATALOG_COMPILER_APPICON_NAME = AppIcon;
				CODE_SIGN_IDENTITY = "iPhone Developer";
				INFOPLIST_FILE = Tipster/Info.plist;
				IPHONEOS_DEPLOYMENT_TARGET = 8.1;
				LD_RUNPATH_SEARCH_PATHS = "$(inherited) @executable_path/Frameworks";
				PRODUCT_NAME = "$(TARGET_NAME)";
				TARGETED_DEVICE_FAMILY = 1;
			};
			name = Release;
		};
		D57FFE321C1234AD006D4A10 /* Debug */ = {
			isa = XCBuildConfiguration;
			buildSettings = {
				BUNDLE_LOADER = "$(TEST_HOST)";
				FRAMEWORK_SEARCH_PATHS = (
					"$(SDKROOT)/Developer/Library/Frameworks",
					"$(inherited)",
				);
				GCC_PREPROCESSOR_DEFINITIONS = (
					"DEBUG=1",
					"$(inherited)",
				);
				INFOPLIST_FILE = TipsterTests/Info.plist;
				LD_RUNPATH_SEARCH_PATHS = "$(inherited) @executable_path/Frameworks @loader_path/Frameworks";
				PRODUCT_NAME = "$(TARGET_NAME)";
				TEST_HOST = "$(BUILT_PRODUCTS_DIR)/Tipster.app/Tipster";
			};
			name = Debug;
		};
		D57FFE331C1234AD006D4A10 /* Release */ = {
			isa = XCBuildConfiguration;
			buildSettings = {
				BUNDLE_LOADER = "$(TEST_HOST)";
				FRAMEWORK_SEARCH_PATHS = (
					"$(SDKROOT)/Developer/Library/Frameworks",
					"$(inherited)",
				);
				INFOPLIST_FILE = TipsterTests/Info.plist;
				LD_RUNPATH_SEARCH_PATHS = "$(inherited) @executable_path/Frameworks @loader_path/Frameworks";
				PRODUCT_NAME = "$(TARGET_NAME)";
				TEST_HOST = "$(BUILT_PRODUCTS_DIR)/Tipster.app/Tipster";
			};
			name = Release;
		};
/* End XCBuildConfiguration section */

/* Begin XCConfigurationList section */
		D57FFE0A1C1234AC006D4A10 /* Build configuration list for PBXProject "Tipster" */ = {
			isa = XCConfigurationList;
			buildConfigurations = (
				D57FFE2C1C1234AD006D4A10 /* Debug */,
				D57FFE2D1C1234AD006D4A10 /* Release */,
			);
			defaultConfigurationIsVisible = 0;
			defaultConfigurationName = Release;
		};
		D57FFE2E1C1234AD006D4A10 /* Build configuration list for PBXNativeTarget "Tipster" */ = {
			isa = XCConfigurationList;
			buildConfigurations = (
				D57FFE2F1C1234AD006D4A10 /* Debug */,
				D57FFE301C1234AD006D4A10 /* Release */,
			);
			defaultConfigurationIsVisible = 0;
			defaultConfigurationName = Release;
		};
		D57FFE311C1234AD006D4A10 /* Build configuration list for PBXNativeTarget "TipsterTests" */ = {
			isa = XCConfigurationList;
			buildConfigurations = (
				D57FFE321C1234AD006D4A10 /* Debug */,
				D57FFE331C1234AD006D4A10 /* Release */,
			);
			defaultConfigurationIsVisible = 0;
			defaultConfigurationName = Release;
		};
/* End XCConfigurationList section */
	};
	rootObject = D57FFE071C1234AC006D4A10 /* Project object */;
}
